
Microsoft Visual Studio Solution File, Format Version 12.00
# Visual Studio Version 16
VisualStudioVersion = 16.0.29215.179
MinimumVisualStudioVersion = 10.0.40219.1
Project("{FAE04EC0-301F-11D3-BF4B-00C04F79EFBC}") = "CorporateClassExercise", "CorporateClassExercise\CorporateClassExercise.csproj", "{F6E9C2DD-7F81-48E9-97E1-7733BAED1721}"
EndProject
Global
	GlobalSection(SolutionConfigurationPlatforms) = preSolution
		Debug|Any CPU = Debug|Any CPU
		Release|Any CPU = Release|Any CPU
	EndGlobalSection
	GlobalSection(ProjectConfigurationPlatforms) = postSolution
		{F6E9C2DD-7F81-48E9-97E1-7733BAED1721}.Debug|Any CPU.ActiveCfg = Debug|Any CPU
		{F6E9C2DD-7F81-48E9-97E1-7733BAED1721}.Debug|Any CPU.Build.0 = Debug|Any CPU
		{F6E9C2DD-7F81-48E9-97E1-7733BAED1721}.Release|Any CPU.ActiveCfg = Release|Any CPU
		{F6E9C2DD-7F81-48E9-97E1-7733BAED1721}.Release|Any CPU.Build.0 = Release|Any CPU
	EndGlobalSection
	GlobalSection(SolutionProperties) = preSolution
		HideSolutionNode = FALSE
	EndGlobalSection
	GlobalSection(ExtensibilityGlobals) = postSolution
		SolutionGuid = {519519B1-F98F-4B6D-B620-79D198C0E59D}
	EndGlobalSection
EndGlobal
